
Microsoft Visual Studio Solution File, Format Version 12.00
# Visual Studio Version 17
VisualStudioVersion = 17.5.33530.505
MinimumVisualStudioVersion = 10.0.40219.1
Project("{FAE04EC0-301F-11D3-BF4B-00C04F79EFBC}") = "Modal_popup", "Modal_popup\Modal_popup.csproj", "{5FD35395-E974-4C43-88ED-7AF59B9F76D6}"
EndProject
Global
	GlobalSection(SolutionConfigurationPlatforms) = preSolution
		Debug|Any CPU = Debug|Any CPU
		Release|Any CPU = Release|Any CPU
	EndGlobalSection
	GlobalSection(ProjectConfigurationPlatforms) = postSolution
		{5FD35395-E974-4C43-88ED-7AF59B9F76D6}.Debug|Any CPU.ActiveCfg = Debug|Any CPU
		{5FD35395-E974-4C43-88ED-7AF59B9F76D6}.Debug|Any CPU.Build.0 = Debug|Any CPU
		{5FD35395-E974-4C43-88ED-7AF59B9F76D6}.Release|Any CPU.ActiveCfg = Release|Any CPU
		{5FD35395-E974-4C43-88ED-7AF59B9F76D6}.Release|Any CPU.Build.0 = Release|Any CPU
	EndGlobalSection
	GlobalSection(SolutionProperties) = preSolution
		HideSolutionNode = FALSE
	EndGlobalSection
	GlobalSection(ExtensibilityGlobals) = postSolution
		SolutionGuid = {8681262A-1406-4D37-B608-B05D0CE3615B}
	EndGlobalSection
EndGlobal
